// !$*UTF8*$!
{
	archiveVersion = 1;
	classes = {
	};
	objectVersion = 46;
	objects = {

/* Begin PBXBuildFile section */
		C3DF1BA219DCE5E30033C4EB /* AppDelegate.swift in Sources */ = {isa = PBXBuildFile; fileRef = C3DF1BA119DCE5E30033C4EB /* AppDelegate.swift */; };
		C3DF1BA519DCE5E30033C4EB /* BTCentral.xcdatamodeld in Sources */ = {isa = PBXBuildFile; fileRef = C3DF1BA319DCE5E30033C4EB /* BTCentral.xcdatamodeld */; };
		C3DF1BAA19DCE5E30033C4EB /* Main.storyboard in Resources */ = {isa = PBXBuildFile; fileRef = C3DF1BA819DCE5E30033C4EB /* Main.storyboard */; };
		C3DF1BAC19DCE5E30033C4EB /* Images.xcassets in Resources */ = {isa = PBXBuildFile; fileRef = C3DF1BAB19DCE5E30033C4EB /* Images.xcassets */; };
		C3DF1BAF19DCE5E30033C4EB /* LaunchScreen.xib in Resources */ = {isa = PBXBuildFile; fileRef = C3DF1BAD19DCE5E30033C4EB /* LaunchScreen.xib */; };
		C3DF1BBB19DCE5E30033C4EB /* BTCentralTests.swift in Sources */ = {isa = PBXBuildFile; fileRef = C3DF1BBA19DCE5E30033C4EB /* BTCentralTests.swift */; };
		C3DF1BCA19DCE8DE0033C4EB /* PeripheralTableViewController.swift in Sources */ = {isa = PBXBuildFile; fileRef = C3DF1BC919DCE8DE0033C4EB /* PeripheralTableViewController.swift */; };
		C3DF1BCC19DCE9350033C4EB /* CoreBluetooth.framework in Frameworks */ = {isa = PBXBuildFile; fileRef = C3DF1BCB19DCE9350033C4EB /* CoreBluetooth.framework */; };
		C3DF1BCF19DCEA330033C4EB /* Peripheral.swift in Sources */ = {isa = PBXBuildFile; fileRef = C3DF1BCE19DCEA330033C4EB /* Peripheral.swift */; };
		C3DF1BD319DCFD390033C4EB /* CoreDataHelper.swift in Sources */ = {isa = PBXBuildFile; fileRef = C3DF1BD219DCFD390033C4EB /* CoreDataHelper.swift */; };
		C3DF1BD519DCFE0F0033C4EB /* CoreDataStore.swift in Sources */ = {isa = PBXBuildFile; fileRef = C3DF1BD419DCFE0F0033C4EB /* CoreDataStore.swift */; };
/* End PBXBuildFile section */

/* Begin PBXContainerItemProxy section */
		C3DF1BB519DCE5E30033C4EB /* PBXContainerItemProxy */ = {
			isa = PBXContainerItemProxy;
			containerPortal = C3DF1B9419DCE5E30033C4EB /* Project object */;
			proxyType = 1;
			remoteGlobalIDString = C3DF1B9B19DCE5E30033C4EB;
			remoteInfo = BTCentral;
		};
/* End PBXContainerItemProxy section */

/* Begin PBXFileReference section */
		C3DF1B9C19DCE5E30033C4EB /* BTCentral.app */ = {isa = PBXFileReference; explicitFileType = wrapper.application; includeInIndex = 0; path = BTCentral.app; sourceTree = BUILT_PRODUCTS_DIR; };
		C3DF1BA019DCE5E30033C4EB /* Info.plist */ = {isa = PBXFileReference; lastKnownFileType = text.plist.xml; path = Info.plist; sourceTree = "<group>"; };
		C3DF1BA119DCE5E30033C4EB /* AppDelegate.swift */ = {isa = PBXFileReference; lastKnownFileType = sourcecode.swift; path = AppDelegate.swift; sourceTree = "<group>"; };
		C3DF1BA419DCE5E30033C4EB /* BTCentral.xcdatamodel */ = {isa = PBXFileReference; lastKnownFileType = wrapper.xcdatamodel; path = BTCentral.xcdatamodel; sourceTree = "<group>"; };
		C3DF1BA919DCE5E30033C4EB /* Base */ = {isa = PBXFileReference; lastKnownFileType = file.storyboard; name = Base; path = Base.lproj/Main.storyboard; sourceTree = "<group>"; };
		C3DF1BAB19DCE5E30033C4EB /* Images.xcassets */ = {isa = PBXFileReference; lastKnownFileType = folder.assetcatalog; path = Images.xcassets; sourceTree = "<group>"; };
		C3DF1BAE19DCE5E30033C4EB /* Base */ = {isa = PBXFileReference; lastKnownFileType = file.xib; name = Base; path = Base.lproj/LaunchScreen.xib; sourceTree = "<group>"; };
		C3DF1BB419DCE5E30033C4EB /* BTCentralTests.xctest */ = {isa = PBXFileReference; explicitFileType = wrapper.cfbundle; includeInIndex = 0; path = BTCentralTests.xctest; sourceTree = BUILT_PRODUCTS_DIR; };
		C3DF1BB919DCE5E30033C4EB /* Info.plist */ = {isa = PBXFileReference; lastKnownFileType = text.plist.xml; path = Info.plist; sourceTree = "<group>"; };
		C3DF1BBA19DCE5E30033C4EB /* BTCentralTests.swift */ = {isa = PBXFileReference; lastKnownFileType = sourcecode.swift; path = BTCentralTests.swift; sourceTree = "<group>"; };
		C3DF1BC419DCE8450033C4EB /* BTCentral-Bridging-Header.h */ = {isa = PBXFileReference; lastKnownFileType = sourcecode.c.h; path = "BTCentral-Bridging-Header.h"; sourceTree = "<group>"; };
		C3DF1BC919DCE8DE0033C4EB /* PeripheralTableViewController.swift */ = {isa = PBXFileReference; fileEncoding = 4; lastKnownFileType = sourcecode.swift; path = PeripheralTableViewController.swift; sourceTree = "<group>"; };
		C3DF1BCB19DCE9350033C4EB /* CoreBluetooth.framework */ = {isa = PBXFileReference; lastKnownFileType = wrapper.framework; name = CoreBluetooth.framework; path = System/Library/Frameworks/CoreBluetooth.framework; sourceTree = SDKROOT; };
		C3DF1BCE19DCEA330033C4EB /* Peripheral.swift */ = {isa = PBXFileReference; fileEncoding = 4; lastKnownFileType = sourcecode.swift; path = Peripheral.swift; sourceTree = "<group>"; };
		C3DF1BD219DCFD390033C4EB /* CoreDataHelper.swift */ = {isa = PBXFileReference; fileEncoding = 4; lastKnownFileType = sourcecode.swift; path = CoreDataHelper.swift; sourceTree = "<group>"; };
		C3DF1BD419DCFE0F0033C4EB /* CoreDataStore.swift */ = {isa = PBXFileReference; fileEncoding = 4; lastKnownFileType = sourcecode.swift; path = CoreDataStore.swift; sourceTree = "<group>"; };
/* End PBXFileReference section */

/* Begin PBXFrameworksBuildPhase section */
		C3DF1B9919DCE5E30033C4EB /* Frameworks */ = {
			isa = PBXFrameworksBuildPhase;
			buildActionMask = 2147483647;
			files = (
				C3DF1BCC19DCE9350033C4EB /* CoreBluetooth.framework in Frameworks */,
			);
			runOnlyForDeploymentPostprocessing = 0;
		};
		C3DF1BB119DCE5E30033C4EB /* Frameworks */ = {
			isa = PBXFrameworksBuildPhase;
			buildActionMask = 2147483647;
			files = (
			);
			runOnlyForDeploymentPostprocessing = 0;
		};
/* End PBXFrameworksBuildPhase section */

/* Begin PBXGroup section */
		C3DF1B9319DCE5E30033C4EB = {
			isa = PBXGroup;
			children = (
				C3DF1BCB19DCE9350033C4EB /* CoreBluetooth.framework */,
				C3DF1B9E19DCE5E30033C4EB /* BTCentral */,
				C3DF1BB719DCE5E30033C4EB /* BTCentralTests */,
				C3DF1B9D19DCE5E30033C4EB /* Products */,
			);
			sourceTree = "<group>";
		};
		C3DF1B9D19DCE5E30033C4EB /* Products */ = {
			isa = PBXGroup;
			children = (
				C3DF1B9C19DCE5E30033C4EB /* BTCentral.app */,
				C3DF1BB419DCE5E30033C4EB /* BTCentralTests.xctest */,
			);
			name = Products;
			sourceTree = "<group>";
		};
		C3DF1B9E19DCE5E30033C4EB /* BTCentral */ = {
			isa = PBXGroup;
			children = (
				C3DF1BA119DCE5E30033C4EB /* AppDelegate.swift */,
				C3DF1BA819DCE5E30033C4EB /* Main.storyboard */,
				C3DF1BAB19DCE5E30033C4EB /* Images.xcassets */,
				C3DF1BAD19DCE5E30033C4EB /* LaunchScreen.xib */,
				C3DF1BCD19DCE9B30033C4EB /* Models */,
				C3DF1BC819DCE8500033C4EB /* Controllers */,
				C3DF1B9F19DCE5E30033C4EB /* Supporting Files */,
				C3DF1BC419DCE8450033C4EB /* BTCentral-Bridging-Header.h */,
			);
			path = BTCentral;
			sourceTree = "<group>";
		};
		C3DF1B9F19DCE5E30033C4EB /* Supporting Files */ = {
			isa = PBXGroup;
			children = (
				C3DF1BA019DCE5E30033C4EB /* Info.plist */,
			);
			name = "Supporting Files";
			sourceTree = "<group>";
		};
		C3DF1BB719DCE5E30033C4EB /* BTCentralTests */ = {
			isa = PBXGroup;
			children = (
				C3DF1BBA19DCE5E30033C4EB /* BTCentralTests.swift */,
				C3DF1BB819DCE5E30033C4EB /* Supporting Files */,
			);
			path = BTCentralTests;
			sourceTree = "<group>";
		};
		C3DF1BB819DCE5E30033C4EB /* Supporting Files */ = {
			isa = PBXGroup;
			children = (
				C3DF1BB919DCE5E30033C4EB /* Info.plist */,
			);
			name = "Supporting Files";
			sourceTree = "<group>";
		};
		C3DF1BC819DCE8500033C4EB /* Controllers */ = {
			isa = PBXGroup;
			children = (
				C3DF1BC919DCE8DE0033C4EB /* PeripheralTableViewController.swift */,
			);
			path = Controllers;
			sourceTree = "<group>";
		};
		C3DF1BCD19DCE9B30033C4EB /* Models */ = {
			isa = PBXGroup;
			children = (
				C3DF1BA319DCE5E30033C4EB /* BTCentral.xcdatamodeld */,
				C3DF1BCE19DCEA330033C4EB /* Peripheral.swift */,
				C3DF1BD219DCFD390033C4EB /* CoreDataHelper.swift */,
				C3DF1BD419DCFE0F0033C4EB /* CoreDataStore.swift */,
			);
			path = Models;
			sourceTree = "<group>";
		};
/* End PBXGroup section */

/* Begin PBXNativeTarget section */
		C3DF1B9B19DCE5E30033C4EB /* BTCentral */ = {
			isa = PBXNativeTarget;
			buildConfigurationList = C3DF1BBE19DCE5E30033C4EB /* Build configuration list for PBXNativeTarget "BTCentral" */;
			buildPhases = (
				C3DF1B9819DCE5E30033C4EB /* Sources */,
				C3DF1B9919DCE5E30033C4EB /* Frameworks */,
				C3DF1B9A19DCE5E30033C4EB /* Resources */,
			);
			buildRules = (
			);
			dependencies = (
			);
			name = BTCentral;
			productName = BTCentral;
			productReference = C3DF1B9C19DCE5E30033C4EB /* BTCentral.app */;
			productType = "com.apple.product-type.application";
		};
		C3DF1BB319DCE5E30033C4EB /* BTCentralTests */ = {
			isa = PBXNativeTarget;
			buildConfigurationList = C3DF1BC119DCE5E30033C4EB /* Build configuration list for PBXNativeTarget "BTCentralTests" */;
			buildPhases = (
				C3DF1BB019DCE5E30033C4EB /* Sources */,
				C3DF1BB119DCE5E30033C4EB /* Frameworks */,
				C3DF1BB219DCE5E30033C4EB /* Resources */,
			);
			buildRules = (
			);
			dependencies = (
				C3DF1BB619DCE5E30033C4EB /* PBXTargetDependency */,
			);
			name = BTCentralTests;
			productName = BTCentralTests;
			productReference = C3DF1BB419DCE5E30033C4EB /* BTCentralTests.xctest */;
			productType = "com.apple.product-type.bundle.unit-test";
		};
/* End PBXNativeTarget section */

/* Begin PBXProject section */
		C3DF1B9419DCE5E30033C4EB /* Project object */ = {
			isa = PBXProject;
			attributes = {
				LastUpgradeCheck = 0600;
				ORGANIZATIONNAME = "Seth Faxon";
				TargetAttributes = {
					C3DF1B9B19DCE5E30033C4EB = {
						CreatedOnToolsVersion = 6.0.1;
					};
					C3DF1BB319DCE5E30033C4EB = {
						CreatedOnToolsVersion = 6.0.1;
						TestTargetID = C3DF1B9B19DCE5E30033C4EB;
					};
				};
			};
			buildConfigurationList = C3DF1B9719DCE5E30033C4EB /* Build configuration list for PBXProject "BTCentral" */;
			compatibilityVersion = "Xcode 3.2";
			developmentRegion = English;
			hasScannedForEncodings = 0;
			knownRegions = (
				en,
				Base,
			);
			mainGroup = C3DF1B9319DCE5E30033C4EB;
			productRefGroup = C3DF1B9D19DCE5E30033C4EB /* Products */;
			projectDirPath = "";
			projectRoot = "";
			targets = (
				C3DF1B9B19DCE5E30033C4EB /* BTCentral */,
				C3DF1BB319DCE5E30033C4EB /* BTCentralTests */,
			);
		};
/* End PBXProject section */

/* Begin PBXResourcesBuildPhase section */
		C3DF1B9A19DCE5E30033C4EB /* Resources */ = {
			isa = PBXResourcesBuildPhase;
			buildActionMask = 2147483647;
			files = (
				C3DF1BAA19DCE5E30033C4EB /* Main.storyboard in Resources */,
				C3DF1BAF19DCE5E30033C4EB /* LaunchScreen.xib in Resources */,
				C3DF1BAC19DCE5E30033C4EB /* Images.xcassets in Resources */,
			);
			runOnlyForDeploymentPostprocessing = 0;
		};
		C3DF1BB219DCE5E30033C4EB /* Resources */ = {
			isa = PBXResourcesBuildPhase;
			buildActionMask = 2147483647;
			files = (
			);
			runOnlyForDeploymentPostprocessing = 0;
		};
/* End PBXResourcesBuildPhase section */

/* Begin PBXSourcesBuildPhase section */
		C3DF1B9819DCE5E30033C4EB /* Sources */ = {
			isa = PBXSourcesBuildPhase;
			buildActionMask = 2147483647;
			files = (
				C3DF1BD519DCFE0F0033C4EB /* CoreDataStore.swift in Sources */,
				C3DF1BD319DCFD390033C4EB /* CoreDataHelper.swift in Sources */,
				C3DF1BCA19DCE8DE0033C4EB /* PeripheralTableViewController.swift in Sources */,
				C3DF1BA219DCE5E30033C4EB /* AppDelegate.swift in Sources */,
				C3DF1BA519DCE5E30033C4EB /* BTCentral.xcdatamodeld in Sources */,
				C3DF1BCF19DCEA330033C4EB /* Peripheral.swift in Sources */,
			);
			runOnlyForDeploymentPostprocessing = 0;
		};
		C3DF1BB019DCE5E30033C4EB /* Sources */ = {
			isa = PBXSourcesBuildPhase;
			buildActionMask = 2147483647;
			files = (
				C3DF1BBB19DCE5E30033C4EB /* BTCentralTests.swift in Sources */,
			);
			runOnlyForDeploymentPostprocessing = 0;
		};
/* End PBXSourcesBuildPhase section */

/* Begin PBXTargetDependency section */
		C3DF1BB619DCE5E30033C4EB /* PBXTargetDependency */ = {
			isa = PBXTargetDependency;
			target = C3DF1B9B19DCE5E30033C4EB /* BTCentral */;
			targetProxy = C3DF1BB519DCE5E30033C4EB /* PBXContainerItemProxy */;
		};
/* End PBXTargetDependency section */

/* Begin PBXVariantGroup section */
		C3DF1BA819DCE5E30033C4EB /* Main.storyboard */ = {
			isa = PBXVariantGroup;
			children = (
				C3DF1BA919DCE5E30033C4EB /* Base */,
			);
			name = Main.storyboard;
			sourceTree = "<group>";
		};
		C3DF1BAD19DCE5E30033C4EB /* LaunchScreen.xib */ = {
			isa = PBXVariantGroup;
			children = (
				C3DF1BAE19DCE5E30033C4EB /* Base */,
			);
			name = LaunchScreen.xib;
			sourceTree = "<group>";
		};
/* End PBXVariantGroup section */

/* Begin XCBuildConfiguration section */
		C3DF1BBC19DCE5E30033C4EB /* Debug */ = {
			isa = XCBuildConfiguration;
			buildSettings = {
				ALWAYS_SEARCH_USER_PATHS = NO;
				CLANG_CXX_LANGUAGE_STANDARD = "gnu++0x";
				CLANG_CXX_LIBRARY = "libc++";
				CLANG_ENABLE_MODULES = YES;
				CLANG_ENABLE_OBJC_ARC = YES;
				CLANG_WARN_BOOL_CONVERSION = YES;
				CLANG_WARN_CONSTANT_CONVERSION = YES;
				CLANG_WARN_DIRECT_OBJC_ISA_USAGE = YES_ERROR;
				CLANG_WARN_EMPTY_BODY = YES;
				CLANG_WARN_ENUM_CONVERSION = YES;
				CLANG_WARN_INT_CONVERSION = YES;
				CLANG_WARN_OBJC_ROOT_CLASS = YES_ERROR;
				CLANG_WARN_UNREACHABLE_CODE = YES;
				CLANG_WARN__DUPLICATE_METHOD_MATCH = YES;
				"CODE_SIGN_IDENTITY[sdk=iphoneos*]" = "iPhone Developer";
				COPY_PHASE_STRIP = NO;
				ENABLE_STRICT_OBJC_MSGSEND = YES;
				GCC_C_LANGUAGE_STANDARD = gnu99;
				GCC_DYNAMIC_NO_PIC = NO;
				GCC_OPTIMIZATION_LEVEL = 0;
				GCC_PREPROCESSOR_DEFINITIONS = (
					"DEBUG=1",
					"$(inherited)",
				);
				GCC_SYMBOLS_PRIVATE_EXTERN = NO;
				GCC_WARN_64_TO_32_BIT_CONVERSION = YES;
				GCC_WARN_ABOUT_RETURN_TYPE = YES_ERROR;
				GCC_WARN_UNDECLARED_SELECTOR = YES;
				GCC_WARN_UNINITIALIZED_AUTOS = YES_AGGRESSIVE;
				GCC_WARN_UNUSED_FUNCTION = YES;
				GCC_WARN_UNUSED_VARIABLE = YES;
				IPHONEOS_DEPLOYMENT_TARGET = 8.0;
				MTL_ENABLE_DEBUG_INFO = YES;
				ONLY_ACTIVE_ARCH = YES;
				SDKROOT = iphoneos;
				SWIFT_OPTIMIZATION_LEVEL = "-Onone";
				TARGETED_DEVICE_FAMILY = "1,2";
			};
			name = Debug;
		};
		C3DF1BBD19DCE5E30033C4EB /* Release */ = {
			isa = XCBuildConfiguration;
			buildSettings = {
				ALWAYS_SEARCH_USER_PATHS = NO;
				CLANG_CXX_LANGUAGE_STANDARD = "gnu++0x";
				CLANG_CXX_LIBRARY = "libc++";
				CLANG_ENABLE_MODULES = YES;
				CLANG_ENABLE_OBJC_ARC = YES;
				CLANG_WARN_BOOL_CONVERSION = YES;
				CLANG_WARN_CONSTANT_CONVERSION = YES;
				CLANG_WARN_DIRECT_OBJC_ISA_USAGE = YES_ERROR;
				CLANG_WARN_EMPTY_BODY = YES;
				CLANG_WARN_ENUM_CONVERSION = YES;
				CLANG_WARN_INT_CONVERSION = YES;
				CLANG_WARN_OBJC_ROOT_CLASS = YES_ERROR;
				CLANG_WARN_UNREACHABLE_CODE = YES;
				CLANG_WARN__DUPLICATE_METHOD_MATCH = YES;
				"CODE_SIGN_IDENTITY[sdk=iphoneos*]" = "iPhone Developer";
				COPY_PHASE_STRIP = YES;
				ENABLE_NS_ASSERTIONS = NO;
				ENABLE_STRICT_OBJC_MSGSEND = YES;
				GCC_C_LANGUAGE_STANDARD = gnu99;
				GCC_WARN_64_TO_32_BIT_CONVERSION = YES;
				GCC_WARN_ABOUT_RETURN_TYPE = YES_ERROR;
				GCC_WARN_UNDECLARED_SELECTOR = YES;
				GCC_WARN_UNINITIALIZED_AUTOS = YES_AGGRESSIVE;
				GCC_WARN_UNUSED_FUNCTION = YES;
				GCC_WARN_UNUSED_VARIABLE = YES;
				IPHONEOS_DEPLOYMENT_TARGET = 8.0;
				MTL_ENABLE_DEBUG_INFO = NO;
				SDKROOT = iphoneos;
				TARGETED_DEVICE_FAMILY = "1,2";
				VALIDATE_PRODUCT = YES;
			};
			name = Release;
		};
		C3DF1BBF19DCE5E30033C4EB /* Debug */ = {
			isa = XCBuildConfiguration;
			buildSettings = {
				ASSETCATALOG_COMPILER_APPICON_NAME = AppIcon;
				CLANG_ENABLE_MODULES = YES;
				INFOPLIST_FILE = BTCentral/Info.plist;
				LD_RUNPATH_SEARCH_PATHS = "$(inherited) @executable_path/Frameworks";
				PRODUCT_NAME = "$(TARGET_NAME)";
				SWIFT_OBJC_BRIDGING_HEADER = "BTCentral/BTCentral-Bridging-Header.h";
				SWIFT_OPTIMIZATION_LEVEL = "-Onone";
			};
			name = Debug;
		};
		C3DF1BC019DCE5E30033C4EB /* Release */ = {
			isa = XCBuildConfiguration;
			buildSettings = {
				ASSETCATALOG_COMPILER_APPICON_NAME = AppIcon;
				CLANG_ENABLE_MODULES = YES;
				INFOPLIST_FILE = BTCentral/Info.plist;
				LD_RUNPATH_SEARCH_PATHS = "$(inherited) @executable_path/Frameworks";
				PRODUCT_NAME = "$(TARGET_NAME)";
				SWIFT_OBJC_BRIDGING_HEADER = "BTCentral/BTCentral-Bridging-Header.h";
			};
			name = Release;
		};
		C3DF1BC219DCE5E30033C4EB /* Debug */ = {
			isa = XCBuildConfiguration;
			buildSettings = {
				BUNDLE_LOADER = "$(TEST_HOST)";
				FRAMEWORK_SEARCH_PATHS = (
					"$(SDKROOT)/Developer/Library/Frameworks",
					"$(inherited)",
				);
				GCC_PREPROCESSOR_DEFINITIONS = (
					"DEBUG=1",
					"$(inherited)",
				);
				INFOPLIST_FILE = BTCentralTests/Info.plist;
				LD_RUNPATH_SEARCH_PATHS = "$(inherited) @executable_path/Frameworks @loader_path/Frameworks";
				PRODUCT_NAME = "$(TARGET_NAME)";
				TEST_HOST = "$(BUILT_PRODUCTS_DIR)/BTCentral.app/BTCentral";
			};
			name = Debug;
		};
		C3DF1BC319DCE5E30033C4EB /* Release */ = {
			isa = XCBuildConfiguration;
			buildSettings = {
				BUNDLE_LOADER = "$(TEST_HOST)";
				FRAMEWORK_SEARCH_PATHS = (
					"$(SDKROOT)/Developer/Library/Frameworks",
					"$(inherited)",
				);
				INFOPLIST_FILE = BTCentralTests/Info.plist;
				LD_RUNPATH_SEARCH_PATHS = "$(inherited) @executable_path/Frameworks @loader_path/Frameworks";
				PRODUCT_NAME = "$(TARGET_NAME)";
				TEST_HOST = "$(BUILT_PRODUCTS_DIR)/BTCentral.app/BTCentral";
			};
			name = Release;
		};
/* End XCBuildConfiguration section */

/* Begin XCConfigurationList section */
		C3DF1B9719DCE5E30033C4EB /* Build configuration list for PBXProject "BTCentral" */ = {
			isa = XCConfigurationList;
			buildConfigurations = (
				C3DF1BBC19DCE5E30033C4EB /* Debug */,
				C3DF1BBD19DCE5E30033C4EB /* Release */,
			);
			defaultConfigurationIsVisible = 0;
			defaultConfigurationName = Release;
		};
		C3DF1BBE19DCE5E30033C4EB /* Build configuration list for PBXNativeTarget "BTCentral" */ = {
			isa = XCConfigurationList;
			buildConfigurations = (
				C3DF1BBF19DCE5E30033C4EB /* Debug */,
				C3DF1BC019DCE5E30033C4EB /* Release */,
			);
			defaultConfigurationIsVisible = 0;
			defaultConfigurationName = Release;
		};
		C3DF1BC119DCE5E30033C4EB /* Build configuration list for PBXNativeTarget "BTCentralTests" */ = {
			isa = XCConfigurationList;
			buildConfigurations = (
				C3DF1BC219DCE5E30033C4EB /* Debug */,
				C3DF1BC319DCE5E30033C4EB /* Release */,
			);
			defaultConfigurationIsVisible = 0;
			defaultConfigurationName = Release;
		};
/* End XCConfigurationList section */

/* Begin XCVersionGroup section */
		C3DF1BA319DCE5E30033C4EB /* BTCentral.xcdatamodeld */ = {
			isa = XCVersionGroup;
			children = (
				C3DF1BA419DCE5E30033C4EB /* BTCentral.xcdatamodel */,
			);
			currentVersion = C3DF1BA419DCE5E30033C4EB /* BTCentral.xcdatamodel */;
			name = BTCentral.xcdatamodeld;
			path = ../BTCentral.xcdatamodeld;
			sourceTree = "<group>";
			versionGroupType = wrapper.xcdatamodel;
		};
/* End XCVersionGroup section */
	};
	rootObject = C3DF1B9419DCE5E30033C4EB /* Project object */;
}
